{
    "_readme": [
        "This file locks the dependencies of your project to a known state",
        "Read more about it at https://getcomposer.org/doc/01-basic-usage.md#installing-dependencies",
        "This file is @generated automatically"
    ],
    "content-hash": "fa529597543a8d22333f3a9a749683b9",
    "packages": [
        {
            "name": "pelago/emogrifier",
            "version": "v3.1.0",
            "source": {
                "type": "git",
                "url": "https://github.com/MyIntervals/emogrifier.git",
                "reference": "f6a5c7d44612d86c3901c93f1592f5440e6b2cd8"
            },
            "dist": {
                "type": "zip",
                "url": "https://api.github.com/repos/MyIntervals/emogrifier/zipball/f6a5c7d44612d86c3901c93f1592f5440e6b2cd8",
                "reference": "f6a5c7d44612d86c3901c93f1592f5440e6b2cd8",
                "shasum": ""
            },
            "require": {
                "ext-dom": "*",
                "ext-libxml": "*",
                "php": "^5.6 || ~7.0 || ~7.1 || ~7.2 || ~7.3 || ~7.4",
                "symfony/css-selector": "^2.8 || ^3.0 || ^4.0 || ^5.0"
            },
            "require-dev": {
                "friendsofphp/php-cs-fixer": "^2.15.3",
                "phpmd/phpmd": "^2.7.0",
                "phpunit/phpunit": "^5.7.27",
                "squizlabs/php_codesniffer": "^3.5.0"
            },
            "type": "library",
            "extra": {
                "branch-alias": {
                    "dev-master": "4.0.x-dev"
                }
            },
            "autoload": {
                "psr-4": {
                    "Pelago\\": "src/"
                }
            },
            "notification-url": "https://packagist.org/downloads/",
            "license": [
                "MIT"
            ],
            "authors": [
                {
                    "name": "Oliver Klee",
                    "email": "github@oliverklee.de"
                },
                {
                    "name": "Zoli Szabó",
                    "email": "zoli.szabo+github@gmail.com"
                },
                {
                    "name": "John Reeve",
                    "email": "jreeve@pelagodesign.com"
                },
                {
                    "name": "Jake Hotson",
                    "email": "jake@qzdesign.co.uk"
                },
                {
                    "name": "Cameron Brooks"
                },
                {
                    "name": "Jaime Prado"
                }
            ],
            "description": "Converts CSS styles into inline style attributes in your HTML code",
            "homepage": "https://www.myintervals.com/emogrifier.php",
            "keywords": [
                "css",
                "email",
                "pre-processing"
            ],
            "time": "2019-12-26T19:37:31+00:00"
        },
        {
            "name": "symfony/css-selector",
            "version": "v5.3.4",
            "source": {
                "type": "git",
                "url": "https://github.com/symfony/css-selector.git",
                "reference": "7fb120adc7f600a59027775b224c13a33530dd90"
            },
            "dist": {
                "type": "zip",
                "url": "https://api.github.com/repos/symfony/css-selector/zipball/7fb120adc7f600a59027775b224c13a33530dd90",
                "reference": "7fb120adc7f600a59027775b224c13a33530dd90",
                "shasum": ""
            },
            "require": {
                "php": ">=7.2.5",
                "symfony/polyfill-php80": "^1.16"
            },
            "type": "library",
            "autoload": {
                "psr-4": {
                    "Symfony\\Component\\CssSelector\\": ""
                },
                "exclude-from-classmap": [
                    "/Tests/"
                ]
            },
            "notification-url": "https://packagist.org/downloads/",
            "license": [
                "MIT"
            ],
            "authors": [
                {
                    "name": "Fabien Potencier",
                    "email": "fabien@symfony.com"
                },
                {
                    "name": "Jean-François Simon",
                    "email": "jeanfrancois.simon@sensiolabs.com"
                },
                {
                    "name": "Symfony Community",
                    "homepage": "https://symfony.com/contributors"
                }
            ],
            "description": "Converts CSS selectors to XPath expressions",
            "homepage": "https://symfony.com",
            "funding": [
                {
                    "url": "https://symfony.com/sponsor",
                    "type": "custom"
                },
                {
                    "url": "https://github.com/fabpot",
                    "type": "github"
                },
                {
                    "url": "https://tidelift.com/funding/github/packagist/symfony/symfony",
                    "type": "tidelift"
                }
            ],
            "time": "2021-07-21T12:38:00+00:00"
        },
        {
            "name": "symfony/polyfill-php80",
            "version": "v1.23.1",
            "source": {
                "type": "git",
                "url": "https://github.com/symfony/polyfill-php80.git",
                "reference": "1100343ed1a92e3a38f9ae122fc0eb21602547be"
            },
            "dist": {
                "type": "zip",
                "url": "https://api.github.com/repos/symfony/polyfill-php80/zipball/1100343ed1a92e3a38f9ae122fc0eb21602547be",
                "reference": "1100343ed1a92e3a38f9ae122fc0eb21602547be",
                "shasum": ""
            },
            "require": {
                "php": ">=7.1"
            },
            "type": "library",
            "extra": {
                "branch-alias": {
                    "dev-main": "1.23-dev"
                },
                "thanks": {
                    "name": "symfony/polyfill",
                    "url": "https://github.com/symfony/polyfill"
                }
            },
            "autoload": {
                "psr-4": {
                    "Symfony\\Polyfill\\Php80\\": ""
                },
                "files": [
                    "bootstrap.php"
                ],
                "classmap": [
                    "Resources/stubs"
                ]
            },
            "notification-url": "https://packagist.org/downloads/",
            "license": [
                "MIT"
            ],
            "authors": [
                {
                    "name": "Ion Bazan",
                    "email": "ion.bazan@gmail.com"
                },
                {
                    "name": "Nicolas Grekas",
                    "email": "p@tchwork.com"
                },
                {
                    "name": "Symfony Community",
                    "homepage": "https://symfony.com/contributors"
                }
            ],
            "description": "Symfony polyfill backporting some PHP 8.0+ features to lower PHP versions",
            "homepage": "https://symfony.com",
            "keywords": [
                "compatibility",
                "polyfill",
                "portable",
                "shim"
            ],
            "funding": [
                {
                    "url": "https://symfony.com/sponsor",
                    "type": "custom"
                },
                {
                    "url": "https://github.com/fabpot",
                    "type": "github"
                },
                {
                    "url": "https://tidelift.com/funding/github/packagist/symfony/symfony",
                    "type": "tidelift"
                }
            ],
            "time": "2021-07-28T13:41:28+00:00"
        }
    ],
    "packages-dev": [],
    "aliases": [],
    "minimum-stability": "stable",
    "stability-flags": [],
    "prefer-stable": false,
    "prefer-lowest": false,
    "platform": [],
    "platform-dev": [],
    "plugin-api-version": "1.1.0"
}
